
Microsoft Visual Studio Solution File, Format Version 12.00
# Visual Studio Version 17
VisualStudioVersion = 17.0.31912.275
MinimumVisualStudioVersion = 10.0.40219.1
Project("{FAE04EC0-301F-11D3-BF4B-00C04F79EFBC}") = "restaurant", "restaurant.csproj", "{1CA803CE-68AE-4F0D-BF44-2415AAF0CA65}"
EndProject
Global
	GlobalSection(SolutionConfigurationPlatforms) = preSolution
		Debug|Any CPU = Debug|Any CPU
		Release|Any CPU = Release|Any CPU
	EndGlobalSection
	GlobalSection(ProjectConfigurationPlatforms) = postSolution
		{1CA803CE-68AE-4F0D-BF44-2415AAF0CA65}.Debug|Any CPU.ActiveCfg = Debug|Any CPU
		{1CA803CE-68AE-4F0D-BF44-2415AAF0CA65}.Debug|Any CPU.Build.0 = Debug|Any CPU
		{1CA803CE-68AE-4F0D-BF44-2415AAF0CA65}.Release|Any CPU.ActiveCfg = Release|Any CPU
		{1CA803CE-68AE-4F0D-BF44-2415AAF0CA65}.Release|Any CPU.Build.0 = Release|Any CPU
	EndGlobalSection
	GlobalSection(SolutionProperties) = preSolution
		HideSolutionNode = FALSE
	EndGlobalSection
	GlobalSection(ExtensibilityGlobals) = postSolution
		SolutionGuid = {4EE86802-0B1C-4A4B-A3C1-213573524339}
	EndGlobalSection
EndGlobal
